
Microsoft Visual Studio Solution File, Format Version 12.00
# Visual Studio 15
VisualStudioVersion = 15.0.28307.168
MinimumVisualStudioVersion = 10.0.40219.1
Project("{FAE04EC0-301F-11D3-BF4B-00C04F79EFBC}") = "sluzba dostave", "sluzba dostave\sluzba dostave.csproj", "{07AAE097-BDDF-4383-ABD8-DC59E7BD9EA0}"
EndProject
Global
	GlobalSection(SolutionConfigurationPlatforms) = preSolution
		Debug|Any CPU = Debug|Any CPU
		Release|Any CPU = Release|Any CPU
	EndGlobalSection
	GlobalSection(ProjectConfigurationPlatforms) = postSolution
		{07AAE097-BDDF-4383-ABD8-DC59E7BD9EA0}.Debug|Any CPU.ActiveCfg = Debug|Any CPU
		{07AAE097-BDDF-4383-ABD8-DC59E7BD9EA0}.Debug|Any CPU.Build.0 = Debug|Any CPU
		{07AAE097-BDDF-4383-ABD8-DC59E7BD9EA0}.Release|Any CPU.ActiveCfg = Release|Any CPU
		{07AAE097-BDDF-4383-ABD8-DC59E7BD9EA0}.Release|Any CPU.Build.0 = Release|Any CPU
	EndGlobalSection
	GlobalSection(SolutionProperties) = preSolution
		HideSolutionNode = FALSE
	EndGlobalSection
	GlobalSection(ExtensibilityGlobals) = postSolution
		SolutionGuid = {1EC77CEF-08A8-44F1-8B97-806614673F19}
	EndGlobalSection
EndGlobal
